// !$*UTF8*$!
{
	archiveVersion = 1;
	classes = {
	};
	objectVersion = 50;
	objects = {

/* Begin PBXBuildFile section */
		A1E6AEEB2671496900FF3E8C /* AppDelegate.swift in Sources */ = {isa = PBXBuildFile; fileRef = A1E6AEEA2671496900FF3E8C /* AppDelegate.swift */; };
		A1E6AEED2671496900FF3E8C /* SceneDelegate.swift in Sources */ = {isa = PBXBuildFile; fileRef = A1E6AEEC2671496900FF3E8C /* SceneDelegate.swift */; };
		A1E6AEF22671496900FF3E8C /* Main.storyboard in Resources */ = {isa = PBXBuildFile; fileRef = A1E6AEF02671496900FF3E8C /* Main.storyboard */; };
		A1E6AEF42671496C00FF3E8C /* Assets.xcassets in Resources */ = {isa = PBXBuildFile; fileRef = A1E6AEF32671496C00FF3E8C /* Assets.xcassets */; };
		A1E6AEF72671496C00FF3E8C /* LaunchScreen.storyboard in Resources */ = {isa = PBXBuildFile; fileRef = A1E6AEF52671496C00FF3E8C /* LaunchScreen.storyboard */; };
		A1E6AF0026726D2200FF3E8C /* HomeCollectionViewController.swift in Sources */ = {isa = PBXBuildFile; fileRef = A1E6AEFF26726D2200FF3E8C /* HomeCollectionViewController.swift */; };
		A1E6AF0226726D3300FF3E8C /* HabitCollectionViewController.swift in Sources */ = {isa = PBXBuildFile; fileRef = A1E6AF0126726D3300FF3E8C /* HabitCollectionViewController.swift */; };
		A1E6AF0426726D5800FF3E8C /* UserCollectionViewController.swift in Sources */ = {isa = PBXBuildFile; fileRef = A1E6AF0326726D5800FF3E8C /* UserCollectionViewController.swift */; };
		A1E6AF0626726D7600FF3E8C /* LogCollectionViewController.swift in Sources */ = {isa = PBXBuildFile; fileRef = A1E6AF0526726D7600FF3E8C /* LogCollectionViewController.swift */; };
		A1E6AF0826726D8E00FF3E8C /* HabitDetailViewController.swift in Sources */ = {isa = PBXBuildFile; fileRef = A1E6AF0726726D8E00FF3E8C /* HabitDetailViewController.swift */; };
		A1E6AF0A26726D9A00FF3E8C /* UserDetailViewController.swift in Sources */ = {isa = PBXBuildFile; fileRef = A1E6AF0926726D9A00FF3E8C /* UserDetailViewController.swift */; };
		A1E6AF0F2672708400FF3E8C /* Habit.swift in Sources */ = {isa = PBXBuildFile; fileRef = A1E6AF0E2672708400FF3E8C /* Habit.swift */; };
		A1E6AF11267271BA00FF3E8C /* APIRequest.swift in Sources */ = {isa = PBXBuildFile; fileRef = A1E6AF10267271BA00FF3E8C /* APIRequest.swift */; };
		A1E6AF1326727EEF00FF3E8C /* HabitRequest.swift in Sources */ = {isa = PBXBuildFile; fileRef = A1E6AF1226727EEF00FF3E8C /* HabitRequest.swift */; };
		A1E6AF17267280B500FF3E8C /* Color.swift in Sources */ = {isa = PBXBuildFile; fileRef = A1E6AF16267280B500FF3E8C /* Color.swift */; };
		A1E6AF19267280EA00FF3E8C /* Category.swift in Sources */ = {isa = PBXBuildFile; fileRef = A1E6AF18267280EA00FF3E8C /* Category.swift */; };
		A1E6AF1C26728DAE00FF3E8C /* PrimarySecondaryTextCollectionViewCell.swift in Sources */ = {isa = PBXBuildFile; fileRef = A1E6AF1B26728DAE00FF3E8C /* PrimarySecondaryTextCollectionViewCell.swift */; };
		A1E6AF1E2672C18E00FF3E8C /* Settings.swift in Sources */ = {isa = PBXBuildFile; fileRef = A1E6AF1D2672C18E00FF3E8C /* Settings.swift */; };
		A1E6AF212672D29F00FF3E8C /* UICollectionViewDiffableDataSource+ViewModel.swift in Sources */ = {isa = PBXBuildFile; fileRef = A1E6AF202672D29F00FF3E8C /* UICollectionViewDiffableDataSource+ViewModel.swift */; };
		A1E6AF242672E6B700FF3E8C /* NamedSectionHeaderView.swift in Sources */ = {isa = PBXBuildFile; fileRef = A1E6AF232672E6B600FF3E8C /* NamedSectionHeaderView.swift */; };
/* End PBXBuildFile section */

/* Begin PBXFileReference section */
		A1E6AEE72671496900FF3E8C /* Habits.app */ = {isa = PBXFileReference; explicitFileType = wrapper.application; includeInIndex = 0; path = Habits.app; sourceTree = BUILT_PRODUCTS_DIR; };
		A1E6AEEA2671496900FF3E8C /* AppDelegate.swift */ = {isa = PBXFileReference; lastKnownFileType = sourcecode.swift; path = AppDelegate.swift; sourceTree = "<group>"; };
		A1E6AEEC2671496900FF3E8C /* SceneDelegate.swift */ = {isa = PBXFileReference; lastKnownFileType = sourcecode.swift; path = SceneDelegate.swift; sourceTree = "<group>"; };
		A1E6AEF12671496900FF3E8C /* Base */ = {isa = PBXFileReference; lastKnownFileType = file.storyboard; name = Base; path = Base.lproj/Main.storyboard; sourceTree = "<group>"; };
		A1E6AEF32671496C00FF3E8C /* Assets.xcassets */ = {isa = PBXFileReference; lastKnownFileType = folder.assetcatalog; path = Assets.xcassets; sourceTree = "<group>"; };
		A1E6AEF62671496C00FF3E8C /* Base */ = {isa = PBXFileReference; lastKnownFileType = file.storyboard; name = Base; path = Base.lproj/LaunchScreen.storyboard; sourceTree = "<group>"; };
		A1E6AEF82671496C00FF3E8C /* Info.plist */ = {isa = PBXFileReference; lastKnownFileType = text.plist.xml; path = Info.plist; sourceTree = "<group>"; };
		A1E6AEFF26726D2200FF3E8C /* HomeCollectionViewController.swift */ = {isa = PBXFileReference; lastKnownFileType = sourcecode.swift; path = HomeCollectionViewController.swift; sourceTree = "<group>"; };
		A1E6AF0126726D3300FF3E8C /* HabitCollectionViewController.swift */ = {isa = PBXFileReference; lastKnownFileType = sourcecode.swift; path = HabitCollectionViewController.swift; sourceTree = "<group>"; };
		A1E6AF0326726D5800FF3E8C /* UserCollectionViewController.swift */ = {isa = PBXFileReference; lastKnownFileType = sourcecode.swift; path = UserCollectionViewController.swift; sourceTree = "<group>"; };
		A1E6AF0526726D7600FF3E8C /* LogCollectionViewController.swift */ = {isa = PBXFileReference; lastKnownFileType = sourcecode.swift; path = LogCollectionViewController.swift; sourceTree = "<group>"; };
		A1E6AF0726726D8E00FF3E8C /* HabitDetailViewController.swift */ = {isa = PBXFileReference; lastKnownFileType = sourcecode.swift; path = HabitDetailViewController.swift; sourceTree = "<group>"; };
		A1E6AF0926726D9A00FF3E8C /* UserDetailViewController.swift */ = {isa = PBXFileReference; lastKnownFileType = sourcecode.swift; path = UserDetailViewController.swift; sourceTree = "<group>"; };
		A1E6AF0E2672708400FF3E8C /* Habit.swift */ = {isa = PBXFileReference; lastKnownFileType = sourcecode.swift; path = Habit.swift; sourceTree = "<group>"; };
		A1E6AF10267271BA00FF3E8C /* APIRequest.swift */ = {isa = PBXFileReference; lastKnownFileType = sourcecode.swift; path = APIRequest.swift; sourceTree = "<group>"; };
		A1E6AF1226727EEF00FF3E8C /* HabitRequest.swift */ = {isa = PBXFileReference; lastKnownFileType = sourcecode.swift; path = HabitRequest.swift; sourceTree = "<group>"; };
		A1E6AF16267280B500FF3E8C /* Color.swift */ = {isa = PBXFileReference; lastKnownFileType = sourcecode.swift; path = Color.swift; sourceTree = "<group>"; };
		A1E6AF18267280EA00FF3E8C /* Category.swift */ = {isa = PBXFileReference; lastKnownFileType = sourcecode.swift; path = Category.swift; sourceTree = "<group>"; };
		A1E6AF1B26728DAE00FF3E8C /* PrimarySecondaryTextCollectionViewCell.swift */ = {isa = PBXFileReference; lastKnownFileType = sourcecode.swift; path = PrimarySecondaryTextCollectionViewCell.swift; sourceTree = "<group>"; };
		A1E6AF1D2672C18E00FF3E8C /* Settings.swift */ = {isa = PBXFileReference; lastKnownFileType = sourcecode.swift; path = Settings.swift; sourceTree = "<group>"; };
		A1E6AF202672D29F00FF3E8C /* UICollectionViewDiffableDataSource+ViewModel.swift */ = {isa = PBXFileReference; lastKnownFileType = sourcecode.swift; path = "UICollectionViewDiffableDataSource+ViewModel.swift"; sourceTree = "<group>"; };
		A1E6AF232672E6B600FF3E8C /* NamedSectionHeaderView.swift */ = {isa = PBXFileReference; lastKnownFileType = sourcecode.swift; path = NamedSectionHeaderView.swift; sourceTree = "<group>"; };
/* End PBXFileReference section */

/* Begin PBXFrameworksBuildPhase section */
		A1E6AEE42671496900FF3E8C /* Frameworks */ = {
			isa = PBXFrameworksBuildPhase;
			buildActionMask = 2147483647;
			files = (
			);
			runOnlyForDeploymentPostprocessing = 0;
		};
/* End PBXFrameworksBuildPhase section */

/* Begin PBXGroup section */
		A1E6AEDE2671496900FF3E8C = {
			isa = PBXGroup;
			children = (
				A1E6AEE92671496900FF3E8C /* Habits */,
				A1E6AEE82671496900FF3E8C /* Products */,
			);
			sourceTree = "<group>";
		};
		A1E6AEE82671496900FF3E8C /* Products */ = {
			isa = PBXGroup;
			children = (
				A1E6AEE72671496900FF3E8C /* Habits.app */,
			);
			name = Products;
			sourceTree = "<group>";
		};
		A1E6AEE92671496900FF3E8C /* Habits */ = {
			isa = PBXGroup;
			children = (
				A1E6AEFE26715A9F00FF3E8C /* SupportingFiles */,
				A1E6AEF32671496C00FF3E8C /* Assets.xcassets */,
				A1E6AEF82671496C00FF3E8C /* Info.plist */,
				A1E6AF0B2672700000FF3E8C /* ViewControllers */,
				A1E6AF1A2672810D00FF3E8C /* Models */,
				A1E6AF10267271BA00FF3E8C /* APIRequest.swift */,
				A1E6AF1226727EEF00FF3E8C /* HabitRequest.swift */,
				A1E6AF1F2672D27600FF3E8C /* Utility */,
				A1E6AF222672D77D00FF3E8C /* Extension */,
				A1E6AF232672E6B600FF3E8C /* NamedSectionHeaderView.swift */,
			);
			path = Habits;
			sourceTree = "<group>";
		};
		A1E6AEFE26715A9F00FF3E8C /* SupportingFiles */ = {
			isa = PBXGroup;
			children = (
				A1E6AEEA2671496900FF3E8C /* AppDelegate.swift */,
				A1E6AEEC2671496900FF3E8C /* SceneDelegate.swift */,
				A1E6AEF02671496900FF3E8C /* Main.storyboard */,
				A1E6AEF52671496C00FF3E8C /* LaunchScreen.storyboard */,
			);
			path = SupportingFiles;
			sourceTree = "<group>";
		};
		A1E6AF0B2672700000FF3E8C /* ViewControllers */ = {
			isa = PBXGroup;
			children = (
				A1E6AEFF26726D2200FF3E8C /* HomeCollectionViewController.swift */,
				A1E6AF0D2672705100FF3E8C /* Habit */,
				A1E6AF0C2672704000FF3E8C /* User */,
				A1E6AF0526726D7600FF3E8C /* LogCollectionViewController.swift */,
			);
			path = ViewControllers;
			sourceTree = "<group>";
		};
		A1E6AF0C2672704000FF3E8C /* User */ = {
			isa = PBXGroup;
			children = (
				A1E6AF0326726D5800FF3E8C /* UserCollectionViewController.swift */,
				A1E6AF0926726D9A00FF3E8C /* UserDetailViewController.swift */,
			);
			path = User;
			sourceTree = "<group>";
		};
		A1E6AF0D2672705100FF3E8C /* Habit */ = {
			isa = PBXGroup;
			children = (
				A1E6AF0126726D3300FF3E8C /* HabitCollectionViewController.swift */,
				A1E6AF0726726D8E00FF3E8C /* HabitDetailViewController.swift */,
				A1E6AF1B26728DAE00FF3E8C /* PrimarySecondaryTextCollectionViewCell.swift */,
			);
			path = Habit;
			sourceTree = "<group>";
		};
		A1E6AF1A2672810D00FF3E8C /* Models */ = {
			isa = PBXGroup;
			children = (
				A1E6AF0E2672708400FF3E8C /* Habit.swift */,
				A1E6AF18267280EA00FF3E8C /* Category.swift */,
				A1E6AF16267280B500FF3E8C /* Color.swift */,
			);
			path = Models;
			sourceTree = "<group>";
		};
		A1E6AF1F2672D27600FF3E8C /* Utility */ = {
			isa = PBXGroup;
			children = (
				A1E6AF1D2672C18E00FF3E8C /* Settings.swift */,
			);
			path = Utility;
			sourceTree = "<group>";
		};
		A1E6AF222672D77D00FF3E8C /* Extension */ = {
			isa = PBXGroup;
			children = (
				A1E6AF202672D29F00FF3E8C /* UICollectionViewDiffableDataSource+ViewModel.swift */,
			);
			path = Extension;
			sourceTree = "<group>";
		};
/* End PBXGroup section */

/* Begin PBXNativeTarget section */
		A1E6AEE62671496900FF3E8C /* Habits */ = {
			isa = PBXNativeTarget;
			buildConfigurationList = A1E6AEFB2671496C00FF3E8C /* Build configuration list for PBXNativeTarget "Habits" */;
			buildPhases = (
				A1E6AEE32671496900FF3E8C /* Sources */,
				A1E6AEE42671496900FF3E8C /* Frameworks */,
				A1E6AEE52671496900FF3E8C /* Resources */,
			);
			buildRules = (
			);
			dependencies = (
			);
			name = Habits;
			productName = Habits;
			productReference = A1E6AEE72671496900FF3E8C /* Habits.app */;
			productType = "com.apple.product-type.application";
		};
/* End PBXNativeTarget section */

/* Begin PBXProject section */
		A1E6AEDF2671496900FF3E8C /* Project object */ = {
			isa = PBXProject;
			attributes = {
				LastSwiftUpdateCheck = 1250;
				LastUpgradeCheck = 1250;
				TargetAttributes = {
					A1E6AEE62671496900FF3E8C = {
						CreatedOnToolsVersion = 12.5;
					};
				};
			};
			buildConfigurationList = A1E6AEE22671496900FF3E8C /* Build configuration list for PBXProject "Habits" */;
			compatibilityVersion = "Xcode 9.3";
			developmentRegion = en;
			hasScannedForEncodings = 0;
			knownRegions = (
				en,
				Base,
			);
			mainGroup = A1E6AEDE2671496900FF3E8C;
			productRefGroup = A1E6AEE82671496900FF3E8C /* Products */;
			projectDirPath = "";
			projectRoot = "";
			targets = (
				A1E6AEE62671496900FF3E8C /* Habits */,
			);
		};
/* End PBXProject section */

/* Begin PBXResourcesBuildPhase section */
		A1E6AEE52671496900FF3E8C /* Resources */ = {
			isa = PBXResourcesBuildPhase;
			buildActionMask = 2147483647;
			files = (
				A1E6AEF72671496C00FF3E8C /* LaunchScreen.storyboard in Resources */,
				A1E6AEF42671496C00FF3E8C /* Assets.xcassets in Resources */,
				A1E6AEF22671496900FF3E8C /* Main.storyboard in Resources */,
			);
			runOnlyForDeploymentPostprocessing = 0;
		};
/* End PBXResourcesBuildPhase section */

/* Begin PBXSourcesBuildPhase section */
		A1E6AEE32671496900FF3E8C /* Sources */ = {
			isa = PBXSourcesBuildPhase;
			buildActionMask = 2147483647;
			files = (
				A1E6AF0026726D2200FF3E8C /* HomeCollectionViewController.swift in Sources */,
				A1E6AF212672D29F00FF3E8C /* UICollectionViewDiffableDataSource+ViewModel.swift in Sources */,
				A1E6AF242672E6B700FF3E8C /* NamedSectionHeaderView.swift in Sources */,
				A1E6AF0426726D5800FF3E8C /* UserCollectionViewController.swift in Sources */,
				A1E6AF0A26726D9A00FF3E8C /* UserDetailViewController.swift in Sources */,
				A1E6AF0226726D3300FF3E8C /* HabitCollectionViewController.swift in Sources */,
				A1E6AF17267280B500FF3E8C /* Color.swift in Sources */,
				A1E6AEEB2671496900FF3E8C /* AppDelegate.swift in Sources */,
				A1E6AEED2671496900FF3E8C /* SceneDelegate.swift in Sources */,
				A1E6AF1C26728DAE00FF3E8C /* PrimarySecondaryTextCollectionViewCell.swift in Sources */,
				A1E6AF1326727EEF00FF3E8C /* HabitRequest.swift in Sources */,
				A1E6AF1E2672C18E00FF3E8C /* Settings.swift in Sources */,
				A1E6AF0F2672708400FF3E8C /* Habit.swift in Sources */,
				A1E6AF0826726D8E00FF3E8C /* HabitDetailViewController.swift in Sources */,
				A1E6AF11267271BA00FF3E8C /* APIRequest.swift in Sources */,
				A1E6AF0626726D7600FF3E8C /* LogCollectionViewController.swift in Sources */,
				A1E6AF19267280EA00FF3E8C /* Category.swift in Sources */,
			);
			runOnlyForDeploymentPostprocessing = 0;
		};
/* End PBXSourcesBuildPhase section */

/* Begin PBXVariantGroup section */
		A1E6AEF02671496900FF3E8C /* Main.storyboard */ = {
			isa = PBXVariantGroup;
			children = (
				A1E6AEF12671496900FF3E8C /* Base */,
			);
			name = Main.storyboard;
			sourceTree = "<group>";
		};
		A1E6AEF52671496C00FF3E8C /* LaunchScreen.storyboard */ = {
			isa = PBXVariantGroup;
			children = (
				A1E6AEF62671496C00FF3E8C /* Base */,
			);
			name = LaunchScreen.storyboard;
			sourceTree = "<group>";
		};
/* End PBXVariantGroup section */

/* Begin XCBuildConfiguration section */
		A1E6AEF92671496C00FF3E8C /* Debug */ = {
			isa = XCBuildConfiguration;
			buildSettings = {
				ALWAYS_SEARCH_USER_PATHS = NO;
				CLANG_ANALYZER_NONNULL = YES;
				CLANG_ANALYZER_NUMBER_OBJECT_CONVERSION = YES_AGGRESSIVE;
				CLANG_CXX_LANGUAGE_STANDARD = "gnu++14";
				CLANG_CXX_LIBRARY = "libc++";
				CLANG_ENABLE_MODULES = YES;
				CLANG_ENABLE_OBJC_ARC = YES;
				CLANG_ENABLE_OBJC_WEAK = YES;
				CLANG_WARN_BLOCK_CAPTURE_AUTORELEASING = YES;
				CLANG_WARN_BOOL_CONVERSION = YES;
				CLANG_WARN_COMMA = YES;
				CLANG_WARN_CONSTANT_CONVERSION = YES;
				CLANG_WARN_DEPRECATED_OBJC_IMPLEMENTATIONS = YES;
				CLANG_WARN_DIRECT_OBJC_ISA_USAGE = YES_ERROR;
				CLANG_WARN_DOCUMENTATION_COMMENTS = YES;
				CLANG_WARN_EMPTY_BODY = YES;
				CLANG_WARN_ENUM_CONVERSION = YES;
				CLANG_WARN_INFINITE_RECURSION = YES;
				CLANG_WARN_INT_CONVERSION = YES;
				CLANG_WARN_NON_LITERAL_NULL_CONVERSION = YES;
				CLANG_WARN_OBJC_IMPLICIT_RETAIN_SELF = YES;
				CLANG_WARN_OBJC_LITERAL_CONVERSION = YES;
				CLANG_WARN_OBJC_ROOT_CLASS = YES_ERROR;
				CLANG_WARN_QUOTED_INCLUDE_IN_FRAMEWORK_HEADER = YES;
				CLANG_WARN_RANGE_LOOP_ANALYSIS = YES;
				CLANG_WARN_STRICT_PROTOTYPES = YES;
				CLANG_WARN_SUSPICIOUS_MOVE = YES;
				CLANG_WARN_UNGUARDED_AVAILABILITY = YES_AGGRESSIVE;
				CLANG_WARN_UNREACHABLE_CODE = YES;
				CLANG_WARN__DUPLICATE_METHOD_MATCH = YES;
				COPY_PHASE_STRIP = NO;
				DEBUG_INFORMATION_FORMAT = dwarf;
				ENABLE_STRICT_OBJC_MSGSEND = YES;
				ENABLE_TESTABILITY = YES;
				GCC_C_LANGUAGE_STANDARD = gnu11;
				GCC_DYNAMIC_NO_PIC = NO;
				GCC_NO_COMMON_BLOCKS = YES;
				GCC_OPTIMIZATION_LEVEL = 0;
				GCC_PREPROCESSOR_DEFINITIONS = (
					"DEBUG=1",
					"$(inherited)",
				);
				GCC_WARN_64_TO_32_BIT_CONVERSION = YES;
				GCC_WARN_ABOUT_RETURN_TYPE = YES_ERROR;
				GCC_WARN_UNDECLARED_SELECTOR = YES;
				GCC_WARN_UNINITIALIZED_AUTOS = YES_AGGRESSIVE;
				GCC_WARN_UNUSED_FUNCTION = YES;
				GCC_WARN_UNUSED_VARIABLE = YES;
				IPHONEOS_DEPLOYMENT_TARGET = 14.5;
				MTL_ENABLE_DEBUG_INFO = INCLUDE_SOURCE;
				MTL_FAST_MATH = YES;
				ONLY_ACTIVE_ARCH = YES;
				SDKROOT = iphoneos;
				SWIFT_ACTIVE_COMPILATION_CONDITIONS = DEBUG;
				SWIFT_OPTIMIZATION_LEVEL = "-Onone";
			};
			name = Debug;
		};
		A1E6AEFA2671496C00FF3E8C /* Release */ = {
			isa = XCBuildConfiguration;
			buildSettings = {
				ALWAYS_SEARCH_USER_PATHS = NO;
				CLANG_ANALYZER_NONNULL = YES;
				CLANG_ANALYZER_NUMBER_OBJECT_CONVERSION = YES_AGGRESSIVE;
				CLANG_CXX_LANGUAGE_STANDARD = "gnu++14";
				CLANG_CXX_LIBRARY = "libc++";
				CLANG_ENABLE_MODULES = YES;
				CLANG_ENABLE_OBJC_ARC = YES;
				CLANG_ENABLE_OBJC_WEAK = YES;
				CLANG_WARN_BLOCK_CAPTURE_AUTORELEASING = YES;
				CLANG_WARN_BOOL_CONVERSION = YES;
				CLANG_WARN_COMMA = YES;
				CLANG_WARN_CONSTANT_CONVERSION = YES;
				CLANG_WARN_DEPRECATED_OBJC_IMPLEMENTATIONS = YES;
				CLANG_WARN_DIRECT_OBJC_ISA_USAGE = YES_ERROR;
				CLANG_WARN_DOCUMENTATION_COMMENTS = YES;
				CLANG_WARN_EMPTY_BODY = YES;
				CLANG_WARN_ENUM_CONVERSION = YES;
				CLANG_WARN_INFINITE_RECURSION = YES;
				CLANG_WARN_INT_CONVERSION = YES;
				CLANG_WARN_NON_LITERAL_NULL_CONVERSION = YES;
				CLANG_WARN_OBJC_IMPLICIT_RETAIN_SELF = YES;
				CLANG_WARN_OBJC_LITERAL_CONVERSION = YES;
				CLANG_WARN_OBJC_ROOT_CLASS = YES_ERROR;
				CLANG_WARN_QUOTED_INCLUDE_IN_FRAMEWORK_HEADER = YES;
				CLANG_WARN_RANGE_LOOP_ANALYSIS = YES;
				CLANG_WARN_STRICT_PROTOTYPES = YES;
				CLANG_WARN_SUSPICIOUS_MOVE = YES;
				CLANG_WARN_UNGUARDED_AVAILABILITY = YES_AGGRESSIVE;
				CLANG_WARN_UNREACHABLE_CODE = YES;
				CLANG_WARN__DUPLICATE_METHOD_MATCH = YES;
				COPY_PHASE_STRIP = NO;
				DEBUG_INFORMATION_FORMAT = "dwarf-with-dsym";
				ENABLE_NS_ASSERTIONS = NO;
				ENABLE_STRICT_OBJC_MSGSEND = YES;
				GCC_C_LANGUAGE_STANDARD = gnu11;
				GCC_NO_COMMON_BLOCKS = YES;
				GCC_WARN_64_TO_32_BIT_CONVERSION = YES;
				GCC_WARN_ABOUT_RETURN_TYPE = YES_ERROR;
				GCC_WARN_UNDECLARED_SELECTOR = YES;
				GCC_WARN_UNINITIALIZED_AUTOS = YES_AGGRESSIVE;
				GCC_WARN_UNUSED_FUNCTION = YES;
				GCC_WARN_UNUSED_VARIABLE = YES;
				IPHONEOS_DEPLOYMENT_TARGET = 14.5;
				MTL_ENABLE_DEBUG_INFO = NO;
				MTL_FAST_MATH = YES;
				SDKROOT = iphoneos;
				SWIFT_COMPILATION_MODE = wholemodule;
				SWIFT_OPTIMIZATION_LEVEL = "-O";
				VALIDATE_PRODUCT = YES;
			};
			name = Release;
		};
		A1E6AEFC2671496C00FF3E8C /* Debug */ = {
			isa = XCBuildConfiguration;
			buildSettings = {
				ASSETCATALOG_COMPILER_APPICON_NAME = AppIcon;
				ASSETCATALOG_COMPILER_GLOBAL_ACCENT_COLOR_NAME = AccentColor;
				CODE_SIGN_STYLE = Automatic;
				DEVELOPMENT_TEAM = ZW83M3BS7W;
				INFOPLIST_FILE = Habits/Info.plist;
				LD_RUNPATH_SEARCH_PATHS = (
					"$(inherited)",
					"@executable_path/Frameworks",
				);
				PRODUCT_BUNDLE_IDENTIFIER = com.pratice.Habits;
				PRODUCT_NAME = "$(TARGET_NAME)";
				SWIFT_VERSION = 5.0;
				TARGETED_DEVICE_FAMILY = "1,2";
			};
			name = Debug;
		};
		A1E6AEFD2671496C00FF3E8C /* Release */ = {
			isa = XCBuildConfiguration;
			buildSettings = {
				ASSETCATALOG_COMPILER_APPICON_NAME = AppIcon;
				ASSETCATALOG_COMPILER_GLOBAL_ACCENT_COLOR_NAME = AccentColor;
				CODE_SIGN_STYLE = Automatic;
				DEVELOPMENT_TEAM = ZW83M3BS7W;
				INFOPLIST_FILE = Habits/Info.plist;
				LD_RUNPATH_SEARCH_PATHS = (
					"$(inherited)",
					"@executable_path/Frameworks",
				);
				PRODUCT_BUNDLE_IDENTIFIER = com.pratice.Habits;
				PRODUCT_NAME = "$(TARGET_NAME)";
				SWIFT_VERSION = 5.0;
				TARGETED_DEVICE_FAMILY = "1,2";
			};
			name = Release;
		};
/* End XCBuildConfiguration section */

/* Begin XCConfigurationList section */
		A1E6AEE22671496900FF3E8C /* Build configuration list for PBXProject "Habits" */ = {
			isa = XCConfigurationList;
			buildConfigurations = (
				A1E6AEF92671496C00FF3E8C /* Debug */,
				A1E6AEFA2671496C00FF3E8C /* Release */,
			);
			defaultConfigurationIsVisible = 0;
			defaultConfigurationName = Release;
		};
		A1E6AEFB2671496C00FF3E8C /* Build configuration list for PBXNativeTarget "Habits" */ = {
			isa = XCConfigurationList;
			buildConfigurations = (
				A1E6AEFC2671496C00FF3E8C /* Debug */,
				A1E6AEFD2671496C00FF3E8C /* Release */,
			);
			defaultConfigurationIsVisible = 0;
			defaultConfigurationName = Release;
		};
/* End XCConfigurationList section */
	};
	rootObject = A1E6AEDF2671496900FF3E8C /* Project object */;
}
